{
  "version": 4,
  "terraform_version": "0.12.16",
  "serial": 4,
  "lineage": "2938f723-4e69-fd5f-fbab-38500cb6a920",
  "outputs": {},
  "resources": [
    {
      "module": "module.vm_from_module",
      "mode": "managed",
      "type": "google_compute_attached_disk",
      "name": "default",
      "provider": "provider.google",
      "instances": [
        {
          "schema_version": 0,
          "attributes": {
            "device_name": "persistent-disk-1",
            "disk": "projects/globalse-198312/zones/us-west1-c/disks/test-disk",
            "id": "projects/globalse-198312/zones/us-west1-c/instances/derp/test-disk",
            "instance": "projects/globalse-198312/zones/us-west1-c/instances/derp",
            "mode": "READ_WRITE",
            "project": "globalse-198312",
            "timeouts": null,
            "zone": "us-west1-c"
          },
          "private": "eyJlMmJmYjczMC1lY2FhLTExZTYtOGY4OC0zNDM2M2JjN2M0YzAiOnsiY3JlYXRlIjozMDAwMDAwMDAwMDAsImRlbGV0ZSI6MzAwMDAwMDAwMDAwfX0=",
          "dependencies": [
            "module.vm_from_module.google_compute_disk.default",
            "module.vm_from_module.google_compute_instance.default"
          ]
        }
      ]
    },
    {
      "module": "module.vm_from_module",
      "mode": "managed",
      "type": "google_compute_disk",
      "name": "default",
      "provider": "provider.google",
      "instances": [
        {
          "schema_version": 0,
          "attributes": {
            "creation_timestamp": "2019-12-03T14:18:04.515-08:00",
            "description": "",
            "disk_encryption_key": [],
            "id": "projects/globalse-198312/zones/us-west1-c/disks/test-disk",
            "image": "",
            "label_fingerprint": "42WmSpB8rSM=",
            "labels": null,
            "last_attach_timestamp": "",
            "last_detach_timestamp": "",
            "name": "test-disk",
            "physical_block_size_bytes": 4096,
            "project": "globalse-198312",
            "self_link": "https://www.googleapis.com/compute/v1/projects/globalse-198312/zones/us-west1-c/disks/test-disk",
            "size": 10,
            "snapshot": "",
            "source_image_encryption_key": [],
            "source_image_id": "",
            "source_snapshot_encryption_key": [],
            "source_snapshot_id": "",
            "timeouts": null,
            "type": "pd-ssd",
            "users": [],
            "zone": "us-west1-c"
          },
          "private": "eyJlMmJmYjczMC1lY2FhLTExZTYtOGY4OC0zNDM2M2JjN2M0YzAiOnsiY3JlYXRlIjozMDAwMDAwMDAwMDAsImRlbGV0ZSI6MjQwMDAwMDAwMDAwLCJ1cGRhdGUiOjI0MDAwMDAwMDAwMH19"
        }
      ]
    },
    {
      "module": "module.vm_from_module",
      "mode": "managed",
      "type": "google_compute_instance",
      "name": "default",
      "provider": "provider.google",
      "instances": [
        {
          "schema_version": 6,
          "attributes": {
            "allow_stopping_for_update": null,
            "attached_disk": [],
            "boot_disk": [
              {
                "auto_delete": true,
                "device_name": "persistent-disk-0",
                "disk_encryption_key_raw": "",
                "disk_encryption_key_sha256": "",
                "initialize_params": [
                  {
                    "image": "https://www.googleapis.com/compute/v1/projects/ubuntu-os-cloud/global/images/ubuntu-1604-xenial-v20191113",
                    "labels": {},
                    "size": 15,
                    "type": "pd-standard"
                  }
                ],
                "kms_key_self_link": "",
                "mode": "READ_WRITE",
                "source": "https://www.googleapis.com/compute/v1/projects/globalse-198312/zones/us-west1-c/disks/derp"
              }
            ],
            "can_ip_forward": false,
            "cpu_platform": "Intel Broadwell",
            "deletion_protection": false,
            "description": "This is a virtual machine",
            "enable_display": false,
            "guest_accelerator": [],
            "hostname": "",
            "id": "projects/globalse-198312/zones/us-west1-c/instances/derp",
            "instance_id": "4259881087591473650",
            "label_fingerprint": "i-ZT1RPYgaE=",
            "labels": {
              "machine_type": "prod",
              "name": "derp"
            },
            "machine_type": "f1-micro",
            "metadata": {
              "foo": "bar",
              "size": "15"
            },
            "metadata_fingerprint": "3D3j_AinOsU=",
            "metadata_startup_script": "echo hi",
            "min_cpu_platform": "",
            "name": "derp",
            "network_interface": [
              {
                "access_config": [],
                "alias_ip_range": [],
                "name": "nic0",
                "network": "https://www.googleapis.com/compute/v1/projects/globalse-198312/global/networks/default",
                "network_ip": "10.138.0.64",
                "subnetwork": "https://www.googleapis.com/compute/v1/projects/globalse-198312/regions/us-west1/subnetworks/default",
                "subnetwork_project": "globalse-198312"
              }
            ],
            "project": "globalse-198312",
            "scheduling": [
              {
                "automatic_restart": true,
                "node_affinities": [],
                "on_host_maintenance": "MIGRATE",
                "preemptible": false
              }
            ],
            "scratch_disk": [],
            "self_link": "https://www.googleapis.com/compute/v1/projects/globalse-198312/zones/us-west1-c/instances/derp",
            "service_account": [],
            "shielded_instance_config": [],
            "tags": [
              "http-allow",
              "https-allow"
            ],
            "tags_fingerprint": "WAXA3tf__A0=",
            "timeouts": null,
            "zone": "us-west1-c"
          },
          "private": "eyJlMmJmYjczMC1lY2FhLTExZTYtOGY4OC0zNDM2M2JjN2M0YzAiOnsiY3JlYXRlIjoxMjAwMDAwMDAwMDAwLCJkZWxldGUiOjEyMDAwMDAwMDAwMDAsInVwZGF0ZSI6MTIwMDAwMDAwMDAwMH0sInNjaGVtYV92ZXJzaW9uIjoiNiJ9"
        }
      ]
    }
  ]
}
